
Microsoft Visual Studio Solution File, Format Version 12.00
# Visual Studio Version 17
VisualStudioVersion = 17.5.33627.172
MinimumVisualStudioVersion = 10.0.40219.1
Project("{FAE04EC0-301F-11D3-BF4B-00C04F79EFBC}") = "CalculadoraWPF - DiferenteMetodo", "CalculadoraWPF - DiferenteMetodo\CalculadoraWPF - DiferenteMetodo.csproj", "{21F268EC-3FB8-492C-B2FA-984EE05698E7}"
EndProject
Global
	GlobalSection(SolutionConfigurationPlatforms) = preSolution
		Debug|Any CPU = Debug|Any CPU
		Release|Any CPU = Release|Any CPU
	EndGlobalSection
	GlobalSection(ProjectConfigurationPlatforms) = postSolution
		{21F268EC-3FB8-492C-B2FA-984EE05698E7}.Debug|Any CPU.ActiveCfg = Debug|Any CPU
		{21F268EC-3FB8-492C-B2FA-984EE05698E7}.Debug|Any CPU.Build.0 = Debug|Any CPU
		{21F268EC-3FB8-492C-B2FA-984EE05698E7}.Release|Any CPU.ActiveCfg = Release|Any CPU
		{21F268EC-3FB8-492C-B2FA-984EE05698E7}.Release|Any CPU.Build.0 = Release|Any CPU
	EndGlobalSection
	GlobalSection(SolutionProperties) = preSolution
		HideSolutionNode = FALSE
	EndGlobalSection
	GlobalSection(ExtensibilityGlobals) = postSolution
		SolutionGuid = {126311F5-1328-4B6A-9EDE-20A51A081D1A}
	EndGlobalSection
EndGlobal
